
Microsoft Visual Studio Solution File, Format Version 12.00
# Visual Studio Version 17
VisualStudioVersion = 17.13.35825.156
MinimumVisualStudioVersion = 10.0.40219.1
Project("{FAE04EC0-301F-11D3-BF4B-00C04F79EFBC}") = "ProjetoTesteDesk", "ProjetoTesteDesk\ProjetoTesteDesk.csproj", "{6175EB9A-B780-4541-BA46-CEB283D59170}"
EndProject
Project("{FAE04EC0-301F-11D3-BF4B-00C04F79EFBC}") = "ProjetoTesteClass", "ProjetoTesteClass\ProjetoTesteClass.csproj", "{5E61647A-6033-4DB3-87CB-61FCF207E1A9}"
EndProject
Global
	GlobalSection(SolutionConfigurationPlatforms) = preSolution
		Debug|Any CPU = Debug|Any CPU
		Release|Any CPU = Release|Any CPU
	EndGlobalSection
	GlobalSection(ProjectConfigurationPlatforms) = postSolution
		{6175EB9A-B780-4541-BA46-CEB283D59170}.Debug|Any CPU.ActiveCfg = Debug|Any CPU
		{6175EB9A-B780-4541-BA46-CEB283D59170}.Debug|Any CPU.Build.0 = Debug|Any CPU
		{6175EB9A-B780-4541-BA46-CEB283D59170}.Release|Any CPU.ActiveCfg = Release|Any CPU
		{6175EB9A-B780-4541-BA46-CEB283D59170}.Release|Any CPU.Build.0 = Release|Any CPU
		{5E61647A-6033-4DB3-87CB-61FCF207E1A9}.Debug|Any CPU.ActiveCfg = Debug|Any CPU
		{5E61647A-6033-4DB3-87CB-61FCF207E1A9}.Debug|Any CPU.Build.0 = Debug|Any CPU
		{5E61647A-6033-4DB3-87CB-61FCF207E1A9}.Release|Any CPU.ActiveCfg = Release|Any CPU
		{5E61647A-6033-4DB3-87CB-61FCF207E1A9}.Release|Any CPU.Build.0 = Release|Any CPU
	EndGlobalSection
	GlobalSection(SolutionProperties) = preSolution
		HideSolutionNode = FALSE
	EndGlobalSection
	GlobalSection(ExtensibilityGlobals) = postSolution
		SolutionGuid = {B4B299E4-D90C-453A-BCBB-4DDA0DF97A80}
	EndGlobalSection
EndGlobal
